github.com/iden3/go-iden3-crypto v0.0.17 h1:NdkceRLJo/pI4UpcjVah4lN/a3yzxRUGXqxbWcYh9mY=
github.com/iden3/go-iden3-crypto v0.0.17/go.mod h1:dLpM4vEPJ3nDHzhWFXDjzkn1qHoBeOT/3UEhXsEsP3E=
golang.org/x/sys v0.6.0 h1:MVltZSvRTcU2ljQOhs94SXPftV6DCNnZViHeQps87pQ=
golang.org/x/sys v0.6.0/go.mod h1:oPkhp1MJrh7nUepCBck5+mAzfO9JrbApNNgaTdGDITg=
